{
  "name": "javascript",
  "lockfileVersion": 2,
  "requires": true,
  "packages": {
    "": {
      "workspaces": [
        "packages/test-framework",
        "packages/teller",
        "packages/shared"
      ]
    },
    "node_modules/@icpt/shared": {
      "resolved": "packages/shared",
      "link": true
    },
    "node_modules/@icpt/teller": {
      "resolved": "packages/teller",
      "link": true
    },
    "node_modules/@icpt/test-framework": {
      "resolved": "packages/test-framework",
      "link": true
    },
    "packages/shared": {
      "name": "@icpt/shared"
    },
    "packages/teller": {
      "name": "@icpt/teller",
      "bin": {
        "teller": "bin/teller.js"
      }
    },
    "packages/test-framework": {
      "name": "@icpt/test-framework",
      "bin": {
        "test-framework": "bin/test-framework.js"
      }
    }
  },
  "dependencies": {
    "@icpt/shared": {
      "version": "file:packages/shared"
    },
    "@icpt/teller": {
      "version": "file:packages/teller"
    },
    "@icpt/test-framework": {
      "version": "file:packages/test-framework"
    }
  }
}
