{
  "name": "icpt",
  "lockfileVersion": 3,
  "requires": true,
  "packages": {
    "": {
      "name": "icpt",
      "workspaces": [
        "packages/test-framework",
        "packages/teller",
        "packages/shared"
      ]
    },
    "node_modules/@icpt/shared": {
      "resolved": "packages/shared",
      "link": true
    },
    "node_modules/@icpt/teller": {
      "resolved": "packages/teller",
      "link": true
    },
    "node_modules/@icpt/test-framework": {
      "resolved": "packages/test-framework",
      "link": true
    },
    "packages/shared": {},
    "packages/teller": {
      "bin": {
        "teller": "bin/teller.js"
      }
    },
    "packages/test-framework": {
      "bin": {
        "test-framework": "bin/test-framework.js"
      }
    }
  }
}
